{
    "requires": true,
    "lockfileVersion": 1,
    "dependencies": {
        "lodah": {
            "version": "0.0.1-security",
            "resolved": "https://registry.npmjs.org/lodah/-/lodah-0.0.1-security.tgz",
            "integrity": "sha512-vYIu+wOZWe1jM5CnLbg7jsRQfUYg11x0ua+eMr8shDO5AKUjt4tzM/vLe3BXLmG+kJBe56aW+AXEWr8eWMUFnQ=="
        }
    }
}
